hash: 6c07fff44bb344a98aacf222420ac56a0d5e8ba5cd38d6b4281dfadb5f1d2710
updated: 2018-08-24T16:42:15.239326+08:00
imports:
- name: github.com/fpay/amqpool
  version: 4ce6cf4cebbb982870609669ec8349ba8b122385
- name: github.com/fpay/rabbiter
  version: 2387aaca75684691ae02d388f2cb90b10edd7ec3
- name: github.com/google/gopacket
  version: 11c65f1ca9081dfea43b4f9643f5c155583b73ba
- name: github.com/Sirupsen/logrus
  version: 3e01752db0189b9157070a0e1668a620f9a85da2
- name: github.com/streadway/amqp
  version: 70e15c650864f4fc47f5d3c82ea117285480895d
- name: github.com/timest/gomanuf
  version: 3d424250f36d9df6cce758e1a7c4192d14293e23
testImports: []
